{"format_version":"1.0","provider_schemas":{"registry.terraform.io/tailscale/tailscale":{"provider":{"version":0,"block":{"attributes":{"api_key":{"type":"string","description":"The API key to use for authenticating requests to the API. Can be set via the TAILSCALE_API_KEY environment variable. If the value starts with 'file:' then it is treated as a path to a file on disk that contains the API key. Conflicts with 'oauth_client_id' and 'oauth_client_secret'.","description_kind":"plain","optional":true,"sensitive":true},"audience":{"type":"string","description":"The OIDC audience to request when discovering an identity token from the runtime (GitHub Actions, AWS, or GCP) for workload identity federation. Can be set via the TAILSCALE_AUDIENCE environment variable. If the value starts with 'file:' then it is treated as a path to a file on disk that contains the audience. Requires 'oauth_client_id'. Conflicts with 'api_key', 'oauth_client_secret', 'identity_token', and 'identity_token_environment_variable_name'.","description_kind":"plain","optional":true},"base_url":{"type":"string","description":"The base URL of the Tailscale API. Defaults to https://api.tailscale.com. Can be set via the TAILSCALE_BASE_URL environment variable.","description_kind":"plain","optional":true},"identity_token":{"type":"string","description":"The jwt identity token to exchange for a Tailscale API token when using a federated identity. Can be set via the TAILSCALE_IDENTITY_TOKEN environment variable. If the value starts with 'file:' then it is treated as a path to a file on disk that contains the identity token. Conflicts with 'api_key', 'oauth_client_secret', and 'identity_token_environment_variable_name'.","description_kind":"plain","optional":true,"sensitive":true},"identity_token_environment_variable_name":{"type":"string","description":"The name of an environment variable to read the identity token from. This is useful when the identity token is provided by an external system (such as Terraform Cloud workload identity) in an environment variable you do not control. If the resolved value of the environment variable starts with 'file:' then it is treated as a path to a file on disk that contains identity token. Conflicts with 'identity_token'.","description_kind":"plain","optional":true},"oauth_client_id":{"type":"string","description":"The OAuth application or federated identity's ID when using OAuth client credentials or workload identity federation. Can be set via the TAILSCALE_OAUTH_CLIENT_ID environment variable. If the value starts with 'file:' then it is treated as a path to a file on disk that contains the client ID. Either 'oauth_client_secret' or 'identity_token' must be set alongside 'oauth_client_id'. Conflicts with 'api_key'.","description_kind":"plain","optional":true},"oauth_client_secret":{"type":"string","description":"The OAuth application's secret when using OAuth client credentials. Can be set via the TAILSCALE_OAUTH_CLIENT_SECRET environment variable. If the value starts with 'file:' then it is treated as a path to a file on disk that contains the client secret. Conflicts with 'api_key' and 'identity_token'.","description_kind":"plain","optional":true,"sensitive":true},"scopes":{"type":["list","string"],"description":"The OAuth 2.0 scopes to request when generating the access token using the supplied OAuth client credentials. See https://tailscale.com/kb/1623/trust-credentials#scopes for available scopes. Only valid when both 'oauth_client_id' and 'oauth_client_secret', or both are set.","description_kind":"plain","optional":true},"tailnet":{"type":"string","description":"The tailnet ID. Tailnets created before Oct 2025 can still use the legacy ID, but the Tailnet ID is the preferred identifier. Can be set via the TAILSCALE_TAILNET environment variable. Default is the tailnet that owns API credentials passed to the provider.","description_kind":"plain","optional":true},"user_agent":{"type":"string","description":"User-Agent header for API requests.","description_kind":"plain","optional":true}},"description_kind":"plain"}},"resource_schemas":{"tailscale_acl":{"version":0,"block":{"attributes":{"acl":{"type":"string","description":"The policy that defines which devices and users are allowed to connect in your network. Can be either a JSON or a HuJSON string.","description_kind":"plain","required":true},"id":{"type":"string","description_kind":"plain","computed":true},"overwrite_existing_content":{"type":"bool","description":"If true, will skip requirement to import acl before allowing changes. Be careful, can cause the policy file to be overwritten","description_kind":"plain","optional":true},"reset_acl_on_destroy":{"type":"bool","description":"If true, will reset the policy file for the Tailnet to the default when this resource is destroyed","description_kind":"plain","optional":true}},"description":"The acl resource allows you to configure a Tailscale policy file. See https://tailscale.com/kb/1395/tailnet-policy-file for more information. Note that this resource will completely overwrite existing policy file contents for a given tailnet.\n\nIf tests are defined in the policy file (the top-level \"tests\" section), policy file validation will occur before creation and update operations are applied.","description_kind":"plain"}},"tailscale_aws_external_id":{"version":0,"block":{"attributes":{"external_id":{"type":"string","description":"The External ID that Tailscale will supply when assuming your role. You must reference this in your IAM role's trust policy. See https://docs.aws.amazon.com/IAM/latest/UserGuide/id_roles_common-scenarios_third-party.html for more information on external IDs.","description_kind":"plain","computed":true},"id":{"type":"string","description_kind":"plain","computed":true},"tailscale_aws_account_id":{"type":"string","description":"The AWS account from which Tailscale will assume your role. You must reference this in your IAM role's trust policy. See https://docs.aws.amazon.com/IAM/latest/UserGuide/id_roles_common-scenarios_third-party.html for more information on external IDs.","description_kind":"plain","computed":true}},"description":"The aws_external_id resource allows you to mint an AWS External ID that Tailscale can use to assume an AWS IAM role that you create for the purposes of allowing Tailscale to stream logs to your S3 bucket. See the logstream_configuration resource for more details.","description_kind":"plain"}},"tailscale_contacts":{"version":0,"block":{"attributes":{"id":{"type":"string","description_kind":"plain","computed":true}},"block_types":{"account":{"nesting_mode":"set","block":{"attributes":{"email":{"type":"string","description":"Email address to send communications to","description_kind":"plain","required":true}},"description":"Configuration for communications about important changes to your tailnet","description_kind":"plain"}},"security":{"nesting_mode":"set","block":{"attributes":{"email":{"type":"string","description":"Email address to send communications to","description_kind":"plain","required":true}},"description":"Configuration for communications about security issues affecting your tailnet","description_kind":"plain"}},"support":{"nesting_mode":"set","block":{"attributes":{"email":{"type":"string","description":"Email address to send communications to","description_kind":"plain","required":true}},"description":"Configuration for communications about misconfigurations in your tailnet","description_kind":"plain"}}},"description":"The contacts resource allows you to configure contact details for your Tailscale network. See https://tailscale.com/kb/1224/contact-preferences for more information.\n\nDestroying this resource does not unset or modify values in the tailscale control plane, and simply removes the resource from Terraform state.\n","description_kind":"plain"}},"tailscale_device_authorization":{"version":0,"block":{"attributes":{"authorized":{"type":"bool","description":"Whether or not the device is authorized","description_kind":"plain","required":true},"device_id":{"type":"string","description":"The device to set as authorized","description_kind":"plain","required":true},"id":{"type":"string","description_kind":"plain","computed":true}},"description":"The device_authorization resource is used to approve new devices before they can join the tailnet. See https://tailscale.com/kb/1099/device-authorization/ for more details.","description_kind":"plain"}},"tailscale_device_key":{"version":0,"block":{"attributes":{"device_id":{"type":"string","description":"The device to update the key properties of","description_kind":"plain","required":true},"id":{"type":"string","description_kind":"plain","computed":true},"key_expiry_disabled":{"type":"bool","description":"Determines whether or not the device's key will expire. Defaults to `false`.","description_kind":"plain","optional":true,"computed":true}},"description":"The device_key resource allows you to update the properties of a device's key","description_kind":"plain"}},"tailscale_device_subnet_routes":{"version":0,"block":{"attributes":{"device_id":{"type":"string","description":"The device to set subnet routes for","description_kind":"plain","required":true},"id":{"type":"string","description_kind":"plain","computed":true},"routes":{"type":["set","string"],"description":"The subnet routes that are enabled to be routed by a device","description_kind":"plain","required":true}},"description":"The device_subnet_routes resource allows you to configure enabled subnet routes for your Tailscale devices. See https://tailscale.com/kb/1019/subnets for more information.\n\nRoutes must be both advertised and enabled for a device to act as a subnet router or exit node. Routes must be advertised directly from the device: advertised routes cannot be managed through Terraform. If a device is advertising routes, they are not exposed to traffic until they are enabled. Conversely, if routes are enabled before they are advertised, they are not available for routing until the device in question is advertising them.\n\nNote: all routes enabled for the device through the admin console or autoApprovers in the ACL must be explicitly added to the routes attribute of this resource to avoid configuration drift.\n","description_kind":"plain"}},"tailscale_device_tags":{"version":0,"block":{"attributes":{"device_id":{"type":"string","description":"The device to set tags for","description_kind":"plain","required":true},"id":{"type":"string","description_kind":"plain","computed":true},"tags":{"type":["set","string"],"description":"The tags to apply to the device","description_kind":"plain","required":true}},"description":"The device_tags resource is used to apply tags to Tailscale devices. See https://tailscale.com/kb/1068/acl-tags/ for more details.","description_kind":"plain"}},"tailscale_dns_configuration":{"version":0,"block":{"attributes":{"id":{"type":"string","description_kind":"plain","computed":true},"magic_dns":{"type":"bool","description":"Whether or not to enable MagicDNS. Defaults to true.","description_kind":"plain","optional":true,"computed":true},"override_local_dns":{"type":"bool","description":"When enabled, use the configured DNS servers in `nameservers` to resolve names outside the tailnet. When disabled, devices will prefer their local DNS configuration. Defaults to false.","description_kind":"plain","optional":true,"computed":true},"search_paths":{"type":["list","string"],"description":"Additional search domains. When MagicDNS is on, the tailnet domain is automatically included as the first search domain.","description_kind":"plain","optional":true,"computed":true}},"block_types":{"nameservers":{"nesting_mode":"list","block":{"attributes":{"address":{"type":"string","description":"The nameserver's IPv4 or IPv6 address","description_kind":"plain","required":true},"use_with_exit_node":{"type":"bool","description":"This nameserver will continue to be used when an exit node is selected (requires Tailscale v1.88.1 or later). Defaults to false.","description_kind":"plain","optional":true,"computed":true}},"description":"Set the nameservers used by devices on your network to resolve DNS queries. `override_local_dns` must also be true to prefer these nameservers over local DNS configuration.","description_kind":"plain"}},"split_dns":{"nesting_mode":"list","block":{"attributes":{"domain":{"type":"string","description":"The nameservers will be used only for this domain.","description_kind":"plain","required":true}},"block_types":{"nameservers":{"nesting_mode":"list","block":{"attributes":{"address":{"type":"string","description":"The nameserver's IPv4 or IPv6 address.","description_kind":"plain","required":true},"use_with_exit_node":{"type":"bool","description":"This nameserver will continue to be used when an exit node is selected (requires Tailscale v1.88.1 or later). Defaults to false.","description_kind":"plain","optional":true,"computed":true}},"description":"Set the nameservers used by devices on your network to resolve DNS queries.","description_kind":"plain"}}},"description":"Set the nameservers used by devices on your network to resolve DNS queries on specific domains (requires Tailscale v1.8 or later). Configuration does not depend on `override_local_dns`.","description_kind":"plain"}}},"description":"The dns_configuration resource allows you to manage the complete DNS configuration for your Tailscale network. See https://tailscale.com/kb/1054/dns for more information.","description_kind":"plain"}},"tailscale_dns_nameservers":{"version":0,"block":{"attributes":{"id":{"type":"string","description_kind":"plain","computed":true},"nameservers":{"type":["list","string"],"description":"Devices on your network will use these nameservers to resolve DNS names. IPv4 or IPv6 addresses are accepted.","description_kind":"plain","required":true}},"description":"The dns_nameservers resource allows you to configure DNS nameservers for your Tailscale network. See https://tailscale.com/kb/1054/dns for more information.","description_kind":"plain"}},"tailscale_dns_preferences":{"version":0,"block":{"attributes":{"id":{"type":"string","description_kind":"plain","computed":true},"magic_dns":{"type":"bool","description":"Whether or not to enable magic DNS","description_kind":"plain","required":true}},"description":"The dns_preferences resource allows you to configure DNS preferences for your Tailscale network. See https://tailscale.com/kb/1054/dns for more information.","description_kind":"plain"}},"tailscale_dns_search_paths":{"version":0,"block":{"attributes":{"id":{"type":"string","description_kind":"plain","computed":true},"search_paths":{"type":["list","string"],"description":"Devices on your network will use these domain suffixes to resolve DNS names.","description_kind":"plain","required":true}},"description":"The dns_search_paths resource allows you to configure DNS search paths for your Tailscale network. See https://tailscale.com/kb/1054/dns for more information.","description_kind":"plain"}},"tailscale_dns_split_nameservers":{"version":0,"block":{"attributes":{"domain":{"type":"string","description":"Domain to configure split DNS for. Requests for this domain will be resolved using the provided nameservers. Changing this will force the resource to be recreated.","description_kind":"plain","required":true},"id":{"type":"string","description_kind":"plain","computed":true},"nameservers":{"type":["set","string"],"description":"Devices on your network will use these nameservers to resolve DNS names. IPv4 or IPv6 addresses are accepted.","description_kind":"plain","required":true}},"description":"The dns_split_nameservers resource allows you to configure split DNS nameservers for your Tailscale network. See https://tailscale.com/kb/1054/dns for more information.","description_kind":"plain"}},"tailscale_federated_identity":{"version":0,"block":{"attributes":{"audience":{"type":"string","description":"The value used when matching against the `aud` claim from an OIDC identity token. Specifying the audience is optional as Tailscale will generate a secure audience at creation time by default.   It is recommended to let Tailscale generate the audience unless the identity provider you are integrating with requires a specific audience format.","description_kind":"plain","optional":true,"computed":true},"created_at":{"type":"string","description":"The creation timestamp of the key in RFC3339 format","description_kind":"plain","computed":true},"custom_claim_rules":{"type":["map","string"],"description":"A map of claim names to pattern strings used to match against arbitrary claims in the OIDC identity token. Patterns can include `*` characters to match against any character.","description_kind":"plain","optional":true,"computed":true},"description":{"type":"string","description":"A description of the federated identity consisting of alphanumeric characters. Defaults to `\"\"`.","description_kind":"plain","optional":true,"computed":true},"id":{"type":"string","description":"The client ID, also known as the key id. Used with an OIDC identity token to generate access tokens.","description_kind":"plain","computed":true},"issuer":{"type":"string","description":"The issuer of the OIDC identity token used in the token exchange. Must be a valid and publicly reachable https:// URL.","description_kind":"plain","required":true},"scopes":{"type":["set","string"],"description":"Scopes to grant to the federated identity. See https://tailscale.com/kb/1623/ for a list of available scopes.","description_kind":"plain","required":true},"subject":{"type":"string","description":"The pattern used when matching against the `sub` claim from an OIDC identity token. Patterns can include `*` characters to match against any character.","description_kind":"plain","required":true},"tags":{"type":["set","string"],"description":"A list of tags that access tokens generated for the federated identity will be able to assign to devices. Mandatory if the scopes include \"devices:core\" or \"auth_keys\".","description_kind":"plain","optional":true,"computed":true},"updated_at":{"type":"string","description":"The updated timestamp of the key in RFC3339 format","description_kind":"plain","computed":true},"user_id":{"type":"string","description":"ID of the user who created this federated identity, empty for federated identities created by other trust credentials.","description_kind":"plain","computed":true}},"description":"The federated_identity resource allows you to create federated identities to programmatically interact with the Tailscale API using workload identity federation.","description_kind":"plain"}},"tailscale_logstream_configuration":{"version":0,"block":{"attributes":{"compression_format":{"type":"string","description":"The compression algorithm used for logs. Valid values are `none`, `zstd` or `gzip`. Defaults to `none`.","description_kind":"plain","optional":true,"computed":true},"destination_type":{"type":"string","description":"The type of SIEM platform to stream to. Valid values are `axiom`, `cribl`, `datadog`, `elastic`, `gcs`, `panther`, `splunk`, and `s3`.","description_kind":"plain","required":true},"gcs_bucket":{"type":"string","description":"The name of the GCS bucket","description_kind":"plain","optional":true,"computed":true},"gcs_credentials":{"type":"string","description":"The encoded string of JSON that is used to authenticate for workload identity in GCS","description_kind":"plain","optional":true,"computed":true},"gcs_key_prefix":{"type":"string","description":"The GCS key prefix for the bucket","description_kind":"plain","optional":true,"computed":true},"gcs_scopes":{"type":["set","string"],"description":"The GCS scopes needed to be able to write in the bucket","description_kind":"plain","optional":true,"computed":true},"id":{"type":"string","description_kind":"plain","computed":true},"log_type":{"type":"string","description":"The type of logs to stream. Valid values are `configuration` (configuration audit logs) and `network` (network flow logs).","description_kind":"plain","required":true},"s3_access_key_id":{"type":"string","description":"The S3 access key ID. Required if destination_type is s3 and s3_authentication_type is 'accesskey'.","description_kind":"plain","optional":true,"computed":true},"s3_authentication_type":{"type":"string","description":"The type of authentication to use for S3. Required if destination_type is `s3`. Valid values are `accesskey` and `rolearn`. Tailscale recommends using `rolearn`.","description_kind":"plain","optional":true},"s3_bucket":{"type":"string","description":"The S3 bucket name. Required if destination_type is 's3'.","description_kind":"plain","optional":true,"computed":true},"s3_external_id":{"type":"string","description":"The AWS External ID that Tailscale supplies when authenticating using role-based authentication. Required if destination_type is 's3' and s3_authentication_type is 'rolearn'. This can be obtained via the tailscale_aws_external_id resource.","description_kind":"plain","optional":true,"computed":true},"s3_key_prefix":{"type":"string","description":"An optional S3 key prefix to prepend to the auto-generated S3 key name.","description_kind":"plain","optional":true,"computed":true},"s3_region":{"type":"string","description":"The region in which the S3 bucket is located. Required if destination_type is 's3'.","description_kind":"plain","optional":true,"computed":true},"s3_role_arn":{"type":"string","description":"ARN of the AWS IAM role that Tailscale should assume when using role-based authentication. Required if destination_type is 's3' and s3_authentication_type is 'rolearn'.","description_kind":"plain","optional":true,"computed":true},"s3_secret_access_key":{"type":"string","description":"The S3 secret access key. Required if destination_type is 's3' and s3_authentication_type is 'accesskey'.","description_kind":"plain","optional":true,"sensitive":true},"token":{"type":"string","description":"The token/password with which log streams to this endpoint should be authenticated, required unless destination_type is 's3'.","description_kind":"plain","optional":true,"sensitive":true},"upload_period_minutes":{"type":"number","description":"An optional number of minutes to wait in between uploading new logs. If the quantity of logs does not fit within a single upload, multiple uploads will be made.","description_kind":"plain","optional":true,"computed":true},"url":{"type":"string","description":"The URL to which log streams are being posted. If destination_type is 's3' and you want to use the official Amazon S3 endpoint, leave this empty.","description_kind":"plain","optional":true,"computed":true},"user":{"type":"string","description":"The username with which log streams to this endpoint are authenticated. Only required if destination_type is 'elastic', defaults to 'user' if not set.","description_kind":"plain","optional":true,"computed":true}},"description":"The logstream_configuration resource allows you to configure streaming configuration or network flow logs to a supported security information and event management (SIEM) system. See https://tailscale.com/kb/1255/log-streaming for more information.","description_kind":"plain"}},"tailscale_oauth_client":{"version":0,"block":{"attributes":{"created_at":{"type":"string","description":"The creation timestamp of the key in RFC3339 format","description_kind":"plain","computed":true},"description":{"type":"string","description":"A description of the OAuth client consisting of alphanumeric characters. Defaults to `\"\"`.","description_kind":"plain","optional":true,"computed":true},"id":{"type":"string","description":"The client ID, also known as the key id. Used with the client secret to generate access tokens.","description_kind":"plain","computed":true},"key":{"type":"string","description":"The client secret, also known as the key. Used with the client ID to generate access tokens.","description_kind":"plain","computed":true,"sensitive":true},"scopes":{"type":["set","string"],"description":"Scopes to grant to the client. See https://tailscale.com/kb/1623/ for a list of available scopes.","description_kind":"plain","required":true},"tags":{"type":["set","string"],"description":"A list of tags that access tokens generated for the OAuth client will be able to assign to devices. Mandatory if the scopes include \"devices:core\" or \"auth_keys\".","description_kind":"plain","optional":true,"computed":true},"updated_at":{"type":"string","description":"The updated timestamp of the key in RFC3339 format","description_kind":"plain","computed":true},"user_id":{"type":"string","description":"ID of the user who created this key, empty for OAuth clients created by other trust credentials.","description_kind":"plain","computed":true}},"description":"The oauth_client resource allows you to create OAuth clients to programmatically interact with the Tailscale API.","description_kind":"plain"}},"tailscale_posture_integration":{"version":0,"block":{"attributes":{"client_id":{"type":"string","description":"Unique identifier for your client.","description_kind":"plain","optional":true,"computed":true},"client_secret":{"type":"string","description":"The secret (auth key, token, etc.) used to authenticate with the provider.","description_kind":"plain","required":true,"sensitive":true},"cloud_id":{"type":"string","description":"Identifies which of the provider's clouds to integrate with.","description_kind":"plain","optional":true,"computed":true},"id":{"type":"string","description_kind":"plain","computed":true},"posture_provider":{"type":"string","description":"The third-party provider for posture data. Valid values are `falcon`, `fleet`, `huntress`, `intune`, `jamfpro`, `kandji`, `kolide`, and `sentinelone`.","description_kind":"plain","required":true},"tenant_id":{"type":"string","description":"The Microsoft Intune directory (tenant) ID. For other providers, this is left blank.","description_kind":"plain","optional":true,"computed":true}},"description":"The posture_integration resource allows you to manage integrations with device posture data providers. See https://tailscale.com/kb/1288/device-posture for more information.","description_kind":"plain"}},"tailscale_service":{"version":0,"block":{"attributes":{"addrs":{"type":["list","string"],"description":"The IP addresses assigned to the Service.","description_kind":"plain","computed":true},"comment":{"type":"string","description":"An optional comment describing the Service.","description_kind":"plain","optional":true,"computed":true},"id":{"type":"string","description":"The Service name, e.g. 'svc:my-service'.","description_kind":"plain","computed":true},"name":{"type":"string","description":"The name of the Service. Must begin with `svc:`.","description_kind":"plain","required":true},"ports":{"type":["set","string"],"description":"A list of protocol:port pairs to be exposed by the Service. The only supported protocol is \"tcp\" at this time. \"do-not-validate\" can be used to skip validation.","description_kind":"plain","required":true},"tags":{"type":["set","string"],"description":"The ACL tags applied to the Service.","description_kind":"plain","optional":true,"computed":true}},"description":"The Service resource allows you to manage Tailscale Services in your Tailscale network. Services let you publish internal resources (like databases or web servers) as named resources in your tailnet. Services provide a stable MagicDNS name, a Tailscale virtual IP address pair, can be served by multiple nodes, and are valid access control destinations. See https://tailscale.com/docs/features/tailscale-services) for more information.","description_kind":"plain"}},"tailscale_tailnet_key":{"version":0,"block":{"attributes":{"created_at":{"type":"string","description":"The creation timestamp of the key in RFC3339 format","description_kind":"plain","computed":true},"description":{"type":"string","description":"A description of the key consisting of alphanumeric characters. Defaults to `\"\"`.","description_kind":"plain","optional":true,"computed":true},"ephemeral":{"type":"bool","description":"Indicates if the key is ephemeral. Defaults to `false`.","description_kind":"plain","optional":true,"computed":true},"expires_at":{"type":"string","description":"The expiry timestamp of the key in RFC3339 format","description_kind":"plain","computed":true},"expiry":{"type":"number","description":"The expiry of the key in seconds. Defaults to `7776000` (90 days).","description_kind":"plain","optional":true,"computed":true},"id":{"type":"string","description_kind":"plain","computed":true},"invalid":{"type":"bool","description":"Indicates whether the key is invalid (e.g. expired, revoked or has been deleted).","description_kind":"plain","computed":true},"key":{"type":"string","description":"The authentication key","description_kind":"plain","computed":true,"sensitive":true},"preauthorized":{"type":"bool","description":"Determines whether or not the machines authenticated by the key will be authorized for the tailnet by default. Defaults to `false`.","description_kind":"plain","optional":true,"computed":true},"recreate_if_invalid":{"type":"string","description":"Determines whether the key should be created again if it becomes invalid. By default, reusable keys will be recreated, but single-use keys will not. Possible values: 'always', 'never'.","description_kind":"plain","optional":true},"reusable":{"type":"bool","description":"Indicates if the key is reusable or single-use. Defaults to `false`.","description_kind":"plain","optional":true,"computed":true},"tags":{"type":["set","string"],"description":"List of tags to apply to the machines authenticated by the key.","description_kind":"plain","optional":true,"computed":true},"user_id":{"type":"string","description":"ID of the user who created this key, empty for keys created by OAuth clients.","description_kind":"plain","optional":true,"computed":true}},"description":"The tailnet_key resource allows you to create pre-authentication keys that can register new nodes without needing to sign in via a web browser. See https://tailscale.com/kb/1085/auth-keys for more information","description_kind":"plain"}},"tailscale_tailnet_settings":{"version":0,"block":{"attributes":{"acls_external_link":{"type":"string","description":"Link to your external ACL definition or management system. Must be a valid URL.","description_kind":"plain","optional":true,"computed":true},"acls_externally_managed_on":{"type":"bool","description":"Prevent users from editing policies in the admin console to avoid conflicts with external management workflows like GitOps or Terraform.","description_kind":"plain","optional":true,"computed":true},"devices_approval_on":{"type":"bool","description":"Whether device approval is enabled for the tailnet","description_kind":"plain","optional":true,"computed":true},"devices_auto_updates_on":{"type":"bool","description":"Whether auto updates are enabled for devices that belong to this tailnet","description_kind":"plain","optional":true,"computed":true},"devices_key_duration_days":{"type":"number","description":"The key expiry duration for devices on this tailnet","description_kind":"plain","optional":true,"computed":true},"https_enabled":{"type":"bool","description":"Whether provisioning of HTTPS certificates is enabled for the tailnet","description_kind":"plain","optional":true,"computed":true},"id":{"type":"string","description_kind":"plain","computed":true},"network_flow_logging_on":{"type":"bool","description":"Whether network flow logs are enabled for the tailnet","description_kind":"plain","optional":true,"computed":true},"posture_identity_collection_on":{"type":"bool","description":"Whether identity collection is enabled for device posture integrations for the tailnet","description_kind":"plain","optional":true,"computed":true},"regional_routing_on":{"type":"bool","description":"Whether regional routing is enabled for the tailnet","description_kind":"plain","optional":true,"computed":true},"users_approval_on":{"type":"bool","description":"Whether user approval is enabled for this tailnet","description_kind":"plain","optional":true,"computed":true},"users_role_allowed_to_join_external_tailnet":{"type":"string","description":"Which user roles are allowed to join external tailnets","description_kind":"plain","optional":true,"computed":true}},"description":"The tailnet_settings resource allows you to configure settings for your tailnet. See https://tailscale.com/api#tag/tailnetsettings for more information.","description_kind":"plain"}},"tailscale_webhook":{"version":0,"block":{"attributes":{"endpoint_url":{"type":"string","description":"The endpoint to send webhook events to.","description_kind":"plain","required":true},"id":{"type":"string","description_kind":"plain","computed":true},"provider_type":{"type":"string","description":"The provider type of the endpoint URL. This determines the payload format sent to the destination. Valid values are `slack`, `mattermost`, `googlechat`, and `discord`.","description_kind":"plain","optional":true},"secret":{"type":"string","description":"The secret used for signing webhook payloads. Only set on resource creation. See https://tailscale.com/kb/1213/webhooks#webhook-secret for more information.","description_kind":"plain","computed":true,"sensitive":true},"subscriptions":{"type":["set","string"],"description":"The set of events that trigger this webhook. For a full list of event types, see the [webhooks documentation](https://tailscale.com/kb/1213/webhooks#events).","description_kind":"plain","required":true}},"description":"The webhook resource allows you to configure webhook endpoints for your Tailscale network. See https://tailscale.com/kb/1213/webhooks for more information.","description_kind":"plain"}}},"data_source_schemas":{"tailscale_4via6":{"version":0,"block":{"attributes":{"cidr":{"type":"string","description":"The IPv4 CIDR to map","description_kind":"plain","required":true},"id":{"type":"string","description_kind":"plain","computed":true},"ipv6":{"type":"string","description":"The 4via6 mapped address","description_kind":"plain","computed":true},"site":{"type":"number","description":"Site ID (between 0 and 65535)","description_kind":"plain","required":true}},"description":"The 4via6 data source is calculates an IPv6 prefix for a given site ID and IPv4 CIDR. See Tailscale documentation for [4via6 subnets](https://tailscale.com/kb/1201/4via6-subnets/) for more details.","description_kind":"plain"}},"tailscale_acl":{"version":0,"block":{"attributes":{"hujson":{"type":"string","description":"The contents of the policy file as a HuJSON string.","description_kind":"plain","computed":true},"id":{"type":"string","description_kind":"plain","computed":true},"json":{"type":"string","description":"The contents of the policy file as a JSON string.","description_kind":"plain","computed":true}},"description":"Returns the Tailscale policy file for a tailnet.","description_kind":"plain"}},"tailscale_device":{"version":0,"block":{"attributes":{"addresses":{"type":["list","string"],"description":"The list of device's IPs","description_kind":"plain","computed":true},"authorized":{"type":"bool","description":"Whether the device is authorized to access the tailnet","description_kind":"plain","computed":true},"blocks_incoming_connections":{"type":"bool","description":"Whether the device blocks incoming connections","description_kind":"plain","computed":true},"client_version":{"type":"string","description":"The Tailscale client version running on the device","description_kind":"plain","computed":true},"created":{"type":"string","description":"The creation time of the device","description_kind":"plain","computed":true},"expires":{"type":"string","description":"The expiry time of the device's key","description_kind":"plain","computed":true},"hostname":{"type":"string","description":"The short hostname of the device","description_kind":"plain","optional":true},"id":{"type":"string","description":"The ID of this resource.","description_kind":"plain","computed":true},"is_external":{"type":"bool","description":"Whether the device is marked as external","description_kind":"plain","computed":true},"key_expiry_disabled":{"type":"bool","description":"Whether the device's key expiry is disabled","description_kind":"plain","computed":true},"last_seen":{"type":"string","description":"The last seen time of the device","description_kind":"plain","computed":true},"machine_key":{"type":"string","description":"The machine key of the device","description_kind":"plain","computed":true},"name":{"type":"string","description":"The full name of the device (e.g. `hostname.domain.ts.net`)","description_kind":"plain","optional":true},"node_id":{"type":"string","description":"The preferred indentifier for a device.","description_kind":"plain","computed":true},"node_key":{"type":"string","description":"The node key of the device","description_kind":"plain","computed":true},"os":{"type":"string","description":"The operating system of the device","description_kind":"plain","computed":true},"tags":{"type":["set","string"],"description":"The tags applied to the device","description_kind":"plain","computed":true},"tailnet_lock_error":{"type":"string","description":"The tailnet lock error for the device, if any","description_kind":"plain","computed":true},"tailnet_lock_key":{"type":"string","description":"The tailnet lock key for the device, if any","description_kind":"plain","computed":true},"update_available":{"type":"bool","description":"Whether an update is available for the device","description_kind":"plain","computed":true},"user":{"type":"string","description":"The user associated with the device","description_kind":"plain","computed":true},"wait_for":{"type":"string","description":"If specified, the provider will make multiple attempts to obtain the data source until the wait_for duration is reached. Retries are made every second so this value should be greater than 1s","description_kind":"plain","optional":true}},"description":"The device data source describes a single device in a tailnet","description_kind":"plain"}},"tailscale_devices":{"version":0,"block":{"attributes":{"id":{"type":"string","description_kind":"plain","computed":true},"name_prefix":{"type":"string","description":"Filters the device list to elements whose name has the provided prefix","description_kind":"plain","optional":true}},"block_types":{"devices":{"nesting_mode":"list","block":{"attributes":{"addresses":{"type":["list","string"],"description":"The list of device's IPs","description_kind":"plain","computed":true},"authorized":{"type":"bool","description":"Whether the device is authorized to access the tailnet","description_kind":"plain","computed":true},"blocks_incoming_connections":{"type":"bool","description":"Whether the device blocks incoming connections","description_kind":"plain","computed":true},"client_version":{"type":"string","description":"The Tailscale client version running on the device","description_kind":"plain","computed":true},"created":{"type":"string","description":"The creation time of the device","description_kind":"plain","computed":true},"expires":{"type":"string","description":"The expiry time of the device's key","description_kind":"plain","computed":true},"hostname":{"type":"string","description":"The short hostname of the device","description_kind":"plain","computed":true},"id":{"type":"string","description":"The ID of this resource.","description_kind":"plain","computed":true},"is_external":{"type":"bool","description":"Whether the device is marked as external","description_kind":"plain","computed":true},"key_expiry_disabled":{"type":"bool","description":"Whether the device's key expiry is disabled","description_kind":"plain","computed":true},"last_seen":{"type":"string","description":"The last seen time of the device","description_kind":"plain","computed":true},"machine_key":{"type":"string","description":"The machine key of the device","description_kind":"plain","computed":true},"name":{"type":"string","description":"The full name of the device (e.g. `hostname.domain.ts.net`)","description_kind":"plain","computed":true},"node_id":{"type":"string","description":"The preferred indentifier for a device.","description_kind":"plain","computed":true},"node_key":{"type":"string","description":"The node key of the device","description_kind":"plain","computed":true},"os":{"type":"string","description":"The operating system of the device","description_kind":"plain","computed":true},"tags":{"type":["set","string"],"description":"The tags applied to the device","description_kind":"plain","computed":true},"tailnet_lock_error":{"type":"string","description":"The tailnet lock error for the device, if any","description_kind":"plain","computed":true},"tailnet_lock_key":{"type":"string","description":"The tailnet lock key for the device, if any","description_kind":"plain","computed":true},"update_available":{"type":"bool","description":"Whether an update is available for the device","description_kind":"plain","computed":true},"user":{"type":"string","description":"The user associated with the device","description_kind":"plain","computed":true}},"description":"The list of devices in the tailnet","description_kind":"plain"}},"filter":{"nesting_mode":"set","block":{"attributes":{"name":{"type":"string","description":"The name must be a top-level device property, e.g. isEphemeral, tags, hostname, etc.","description_kind":"plain","required":true},"values":{"type":["set","string"],"description":"The list of values to filter for. Values are matched as exact matches.","description_kind":"plain","required":true}},"description":"Filters the device list to elements devices whose fields match the provided values.","description_kind":"plain"}}},"description":"The devices data source describes a list of devices in a tailnet","description_kind":"plain"}},"tailscale_service":{"version":0,"block":{"attributes":{"addrs":{"type":["list","string"],"description":"The IP addresses assigned to the Service.","description_kind":"plain","computed":true},"comment":{"type":"string","description":"A comment describing the Service.","description_kind":"plain","computed":true},"id":{"type":"string","description":"The Service name, e.g. 'svc:my-service'.","description_kind":"plain","computed":true},"name":{"type":"string","description":"The name of the Service (e.g. `svc:my-service`).","description_kind":"plain","required":true},"ports":{"type":["list","string"],"description":"The ports that the Service listens on.","description_kind":"plain","computed":true},"tags":{"type":["set","string"],"description":"The ACL tags applied to the Service.","description_kind":"plain","computed":true}},"description":"The Service data source describes a single Service in a tailnet. See https://tailscale.com/docs/features/tailscale-services for more information.","description_kind":"plain"}},"tailscale_user":{"version":0,"block":{"attributes":{"created":{"type":"string","description":"The time the user joined their tailnet.","description_kind":"plain","computed":true},"currently_connected":{"type":"bool","description":"true when the user has a node currently connected to the control server.","description_kind":"plain","computed":true},"device_count":{"type":"number","description":"Number of devices the user owns.","description_kind":"plain","computed":true},"display_name":{"type":"string","description":"The name of the user.","description_kind":"plain","computed":true},"id":{"type":"string","description":"The unique identifier for the user.","description_kind":"plain","optional":true},"last_seen":{"type":"string","description":"The later of either: a) The last time any of the user's nodes were connected to the network or b) The last time the user authenticated to any tailscale service, including the admin panel.","description_kind":"plain","computed":true},"login_name":{"type":"string","description":"The emailish login name of the user.","description_kind":"plain","optional":true},"profile_pic_url":{"type":"string","description":"The profile pic URL for the user.","description_kind":"plain","computed":true},"role":{"type":"string","description":"The role of the user.","description_kind":"plain","computed":true},"status":{"type":"string","description":"The status of the user.","description_kind":"plain","computed":true},"tailnet_id":{"type":"string","description":"The tailnet that owns the user.","description_kind":"plain","computed":true},"type":{"type":"string","description":"The type of relation this user has to the tailnet associated with the request.","description_kind":"plain","computed":true}},"description":"The user data source describes a single user in a tailnet","description_kind":"plain"}},"tailscale_users":{"version":0,"block":{"attributes":{"id":{"type":"string","description_kind":"plain","computed":true},"role":{"type":"string","description":"Filter the results to only include users with a specific role. Valid values are `owner`, `member`, `admin`, `it-admin`, `network-admin`, `billing-admin`, and `auditor`.","description_kind":"plain","optional":true},"type":{"type":"string","description":"Filter the results to only include users of a specific type. Valid values are `member` or `shared`.","description_kind":"plain","optional":true}},"block_types":{"users":{"nesting_mode":"list","block":{"attributes":{"created":{"type":"string","description":"The time the user joined their tailnet.","description_kind":"plain","computed":true},"currently_connected":{"type":"bool","description":"true when the user has a node currently connected to the control server.","description_kind":"plain","computed":true},"device_count":{"type":"number","description":"Number of devices the user owns.","description_kind":"plain","computed":true},"display_name":{"type":"string","description":"The name of the user.","description_kind":"plain","computed":true},"id":{"type":"string","description":"The unique identifier for the user.","description_kind":"plain","computed":true},"last_seen":{"type":"string","description":"The later of either: a) The last time any of the user's nodes were connected to the network or b) The last time the user authenticated to any tailscale service, including the admin panel.","description_kind":"plain","computed":true},"login_name":{"type":"string","description":"The emailish login name of the user.","description_kind":"plain","computed":true},"profile_pic_url":{"type":"string","description":"The profile pic URL for the user.","description_kind":"plain","computed":true},"role":{"type":"string","description":"The role of the user.","description_kind":"plain","computed":true},"status":{"type":"string","description":"The status of the user.","description_kind":"plain","computed":true},"tailnet_id":{"type":"string","description":"The tailnet that owns the user.","description_kind":"plain","computed":true},"type":{"type":"string","description":"The type of relation this user has to the tailnet associated with the request.","description_kind":"plain","computed":true}},"description":"The list of users in the tailnet","description_kind":"plain"}}},"description":"The users data source describes a list of users in a tailnet","description_kind":"plain"}}}}}}
